// !$*UTF8*$!
{
       archiveVersion = 1;
       classes = {
       };
       objectVersion = 46;
       objects = {

/* Begin PBXAggregateTarget section */
              5C516F72EF6A455690636595 /* ALL_BUILD */ = {
                     isa = PBXAggregateTarget;
                     buildConfigurationList = D545B54495D546FD90F6CDCD /* Build configuration list for PBXAggregateTarget "ALL_BUILD" */;
                     buildPhases = (
                            49EBCEB0ADB84F06A4EB7FC5 /* CMake Rules */,
                     );
                     dependencies = (
                            452EBD0B31064E55A3D676A3 /* PBXTargetDependency */,
                            7BE6827E205B4C2295D98EDB /* PBXTargetDependency */,
                     );
                     name = ALL_BUILD;
                     productName = ALL_BUILD;
              };
              7F3D93BE172949518ACB78A3 /* ZERO_CHECK */ = {
                     isa = PBXAggregateTarget;
                     buildConfigurationList = 633129251AA84B53B477E48F /* Build configuration list for PBXAggregateTarget "ZERO_CHECK" */;
                     buildPhases = (
                            49D8A8D4A6C4466A8F2E1AE9 /* CMake Rules */,
                     );
                     dependencies = (
                     );
                     name = ZERO_CHECK;
                     productName = ZERO_CHECK;
              };
/* End PBXAggregateTarget section */

/* Begin PBXBuildFile section */
98878D7EBA8547DAB012C1BE /* /Users/birarda/code/worklist/interface/interface/src/Agent.cpp */ = {isa = PBXBuildFile; fileRef = C186444D006648DCA70E9A25 /* /Users/birarda/code/worklist/interface/interface/src/Agent.cpp */; settings = { COMPILER_FLAGS = ""; }; };
F1984CF56AA84A419906C5E5 /* /Users/birarda/code/worklist/interface/interface/src/Audio.cpp */ = {isa = PBXBuildFile; fileRef = 1B38A6722FDD4847B2754C6B /* /Users/birarda/code/worklist/interface/interface/src/Audio.cpp */; settings = { COMPILER_FLAGS = ""; }; };
468C5EC5611844BCB7A44A6C /* /Users/birarda/code/worklist/interface/interface/src/AudioData.cpp */ = {isa = PBXBuildFile; fileRef = 86F9E92F13C143BCBCA76C44 /* /Users/birarda/code/worklist/interface/interface/src/AudioData.cpp */; settings = { COMPILER_FLAGS = ""; }; };
B7A488896E6847B1BC107BFC /* /Users/birarda/code/worklist/interface/interface/src/AudioRingBuffer.cpp */ = {isa = PBXBuildFile; fileRef = DC2E9F75ED864CBBBE7504F4 /* /Users/birarda/code/worklist/interface/interface/src/AudioRingBuffer.cpp */; settings = { COMPILER_FLAGS = ""; }; };
28996520A87E4DF39E0970A0 /* /Users/birarda/code/worklist/interface/interface/src/AudioSource.cpp */ = {isa = PBXBuildFile; fileRef = FBF3B100B7984B7680AFAA23 /* /Users/birarda/code/worklist/interface/interface/src/AudioSource.cpp */; settings = { COMPILER_FLAGS = ""; }; };
4D5D086AE2E34F8AB8695C47 /* /Users/birarda/code/worklist/interface/interface/src/Cloud.cpp */ = {isa = PBXBuildFile; fileRef = 317028C953964C0BBFB2C34C /* /Users/birarda/code/worklist/interface/interface/src/Cloud.cpp */; settings = { COMPILER_FLAGS = ""; }; };
EEBCF290A1CE42299A8CD80B /* /Users/birarda/code/worklist/interface/interface/src/Cube.cpp */ = {isa = PBXBuildFile; fileRef = F3D70FCACA56400DB5A79FA2 /* /Users/birarda/code/worklist/interface/interface/src/Cube.cpp */; settings = { COMPILER_FLAGS = ""; }; };
85C447CDA7B540D4A3BE5AC6 /* /Users/birarda/code/worklist/interface/interface/src/Field.cpp */ = {isa = PBXBuildFile; fileRef = 009FA68B9FB04573A71FB878 /* /Users/birarda/code/worklist/interface/interface/src/Field.cpp */; settings = { COMPILER_FLAGS = ""; }; };
5FAD9AEF271342D29F464045 /* /Users/birarda/code/worklist/interface/interface/src/Finger.cpp */ = {isa = PBXBuildFile; fileRef = 53538B4337104D5281169195 /* /Users/birarda/code/worklist/interface/interface/src/Finger.cpp */; settings = { COMPILER_FLAGS = ""; }; };
602D223296AA49238CA1F19D /* /Users/birarda/code/worklist/interface/interface/src/Hand.cpp */ = {isa = PBXBuildFile; fileRef = 848E61CA207943EE827BB8E6 /* /Users/birarda/code/worklist/interface/interface/src/Hand.cpp */; settings = { COMPILER_FLAGS = ""; }; };
3ED0802657BD455B8EE1FDFB /* /Users/birarda/code/worklist/interface/interface/src/Head.cpp */ = {isa = PBXBuildFile; fileRef = D3D9D041C2554616891881BB /* /Users/birarda/code/worklist/interface/interface/src/Head.cpp */; settings = { COMPILER_FLAGS = ""; }; };
010DFD051EA6422A93DE2A0C /* /Users/birarda/code/worklist/interface/interface/src/Lattice.cpp */ = {isa = PBXBuildFile; fileRef = 394BBE08D83E4F6D931C3458 /* /Users/birarda/code/worklist/interface/interface/src/Lattice.cpp */; settings = { COMPILER_FLAGS = ""; }; };
0317354F78174824A3C890E7 /* /Users/birarda/code/worklist/interface/interface/src/main.cpp */ = {isa = PBXBuildFile; fileRef = DE5A028CD3CB414E9A157D63 /* /Users/birarda/code/worklist/interface/interface/src/main.cpp */; settings = { COMPILER_FLAGS = ""; }; };
B345AF8FCFD54684A1B62DBF /* /Users/birarda/code/worklist/interface/interface/src/Network.cpp */ = {isa = PBXBuildFile; fileRef = F506920E37D14F518999FF86 /* /Users/birarda/code/worklist/interface/interface/src/Network.cpp */; settings = { COMPILER_FLAGS = ""; }; };
E161840F14984082B5B046C0 /* /Users/birarda/code/worklist/interface/interface/src/octal.cpp */ = {isa = PBXBuildFile; fileRef = 44107EE7074140399156ABE7 /* /Users/birarda/code/worklist/interface/interface/src/octal.cpp */; settings = { COMPILER_FLAGS = ""; }; };
1D8F4C107A6848A9B0C28D17 /* /Users/birarda/code/worklist/interface/interface/src/Oscilloscope.cpp */ = {isa = PBXBuildFile; fileRef = AE18802DD8D1419187D327A8 /* /Users/birarda/code/worklist/interface/interface/src/Oscilloscope.cpp */; settings = { COMPILER_FLAGS = ""; }; };
2EFB749862794A80B5CD2D69 /* /Users/birarda/code/worklist/interface/interface/src/Particle.cpp */ = {isa = PBXBuildFile; fileRef = F18E42130DC5447AABF888D6 /* /Users/birarda/code/worklist/interface/interface/src/Particle.cpp */; settings = { COMPILER_FLAGS = ""; }; };
783CB61D8656422E85CDC158 /* /Users/birarda/code/worklist/interface/interface/src/SerialInterface.cpp */ = {isa = PBXBuildFile; fileRef = A82125C52C2E46FC9444D1E2 /* /Users/birarda/code/worklist/interface/interface/src/SerialInterface.cpp */; settings = { COMPILER_FLAGS = ""; }; };
098847A9000743578DA3CB4C /* /Users/birarda/code/worklist/interface/interface/src/Texture.cpp */ = {isa = PBXBuildFile; fileRef = ADCD7EE9D6DC4C059E040041 /* /Users/birarda/code/worklist/interface/interface/src/Texture.cpp */; settings = { COMPILER_FLAGS = ""; }; };
E425E3EA22CB4918A086057D /* /Users/birarda/code/worklist/interface/interface/src/UDPSocket.cpp */ = {isa = PBXBuildFile; fileRef = 4582CC802FEA4DE7B927E593 /* /Users/birarda/code/worklist/interface/interface/src/UDPSocket.cpp */; settings = { COMPILER_FLAGS = ""; }; };
8DD5FFE764B044F0B6B27171 /* /Users/birarda/code/worklist/interface/interface/src/Util.cpp */ = {isa = PBXBuildFile; fileRef = F0746BFEF8384498B36763AF /* /Users/birarda/code/worklist/interface/interface/src/Util.cpp */; settings = { COMPILER_FLAGS = ""; }; };
19A52A13517443B8A6A5DB34 /* /Users/birarda/code/worklist/interface/interface/src/Agent.h */ = {isa = PBXBuildFile; fileRef = C1E2156446944DB3B42E2071 /* /Users/birarda/code/worklist/interface/interface/src/Agent.h */; settings = { COMPILER_FLAGS = ""; }; };
D4E47C3E794448F29234A4E8 /* /Users/birarda/code/worklist/interface/interface/src/Audio.h */ = {isa = PBXBuildFile; fileRef = 27969B3D10164FFD8149AB6E /* /Users/birarda/code/worklist/interface/interface/src/Audio.h */; settings = { COMPILER_FLAGS = ""; }; };
BEA66F2FC7A64EA39025936F /* /Users/birarda/code/worklist/interface/interface/src/AudioData.h */ = {isa = PBXBuildFile; fileRef = 64F1CA594E724DB8938F3AC5 /* /Users/birarda/code/worklist/interface/interface/src/AudioData.h */; settings = { COMPILER_FLAGS = ""; }; };
9D2A8B34CAC04AF5A348BF81 /* /Users/birarda/code/worklist/interface/interface/src/AudioRingBuffer.h */ = {isa = PBXBuildFile; fileRef = 3CCC693D012C473BBC54224D /* /Users/birarda/code/worklist/interface/interface/src/AudioRingBuffer.h */; settings = { COMPILER_FLAGS = ""; }; };
62A4E9C35EDD4883802DB696 /* /Users/birarda/code/worklist/interface/interface/src/AudioSource.h */ = {isa = PBXBuildFile; fileRef = FBECFB6288004841B4BEDF9D /* /Users/birarda/code/worklist/interface/interface/src/AudioSource.h */; settings = { COMPILER_FLAGS = ""; }; };
CF70F31422DE49358406B1E6 /* /Users/birarda/code/worklist/interface/interface/src/Cloud.h */ = {isa = PBXBuildFile; fileRef = 5260538CD9EB493987C0476A /* /Users/birarda/code/worklist/interface/interface/src/Cloud.h */; settings = { COMPILER_FLAGS = ""; }; };
0365FE0A2B904C12904A7A2B /* /Users/birarda/code/worklist/interface/interface/src/Cube.h */ = {isa = PBXBuildFile; fileRef = BD3DD809BA7C4E75BEAD2479 /* /Users/birarda/code/worklist/interface/interface/src/Cube.h */; settings = { COMPILER_FLAGS = ""; }; };
53A520B2C96A43E596C07DD2 /* /Users/birarda/code/worklist/interface/interface/src/Field.h */ = {isa = PBXBuildFile; fileRef = 0C5806C51DBE4A2183C09050 /* /Users/birarda/code/worklist/interface/interface/src/Field.h */; settings = { COMPILER_FLAGS = ""; }; };
23944EF68F954B09B6A2B864 /* /Users/birarda/code/worklist/interface/interface/src/Finger.h */ = {isa = PBXBuildFile; fileRef = 5C3C6D86BE264004988A2CB2 /* /Users/birarda/code/worklist/interface/interface/src/Finger.h */; settings = { COMPILER_FLAGS = ""; }; };
C41EA4EA9652454DBAEE68FE /* /Users/birarda/code/worklist/interface/interface/src/Hand.h */ = {isa = PBXBuildFile; fileRef = BC42A80B49FB4C3AA4FED8F4 /* /Users/birarda/code/worklist/interface/interface/src/Hand.h */; settings = { COMPILER_FLAGS = ""; }; };
AFA5E10AA5E34A4BAC1031B1 /* /Users/birarda/code/worklist/interface/interface/src/Head.h */ = {isa = PBXBuildFile; fileRef = 2B36F627C2A54C9CB733AC88 /* /Users/birarda/code/worklist/interface/interface/src/Head.h */; settings = { COMPILER_FLAGS = ""; }; };
061E0886116C4BF9AF7AFABA /* /Users/birarda/code/worklist/interface/interface/src/Lattice.h */ = {isa = PBXBuildFile; fileRef = A492B064CE0F461D875AAD01 /* /Users/birarda/code/worklist/interface/interface/src/Lattice.h */; settings = { COMPILER_FLAGS = ""; }; };
468BFF47A7ED4E779B07A03F /* /Users/birarda/code/worklist/interface/interface/src/Network.h */ = {isa = PBXBuildFile; fileRef = CFC6B565E3094C699C3E0F8C /* /Users/birarda/code/worklist/interface/interface/src/Network.h */; settings = { COMPILER_FLAGS = ""; }; };
1D6A6D3107274529B0A7B858 /* /Users/birarda/code/worklist/interface/interface/src/octal.h */ = {isa = PBXBuildFile; fileRef = 9E7DC6DA4E3440BF8E5F6A63 /* /Users/birarda/code/worklist/interface/interface/src/octal.h */; settings = { COMPILER_FLAGS = ""; }; };
91F63D8AB4DF470FB20F7CA1 /* /Users/birarda/code/worklist/interface/interface/src/Oscilloscope.h */ = {isa = PBXBuildFile; fileRef = 2951F72C2B88481496007CFB /* /Users/birarda/code/worklist/interface/interface/src/Oscilloscope.h */; settings = { COMPILER_FLAGS = ""; }; };
797C5C8DAD264D4598A7F8EE /* /Users/birarda/code/worklist/interface/interface/src/Particle.h */ = {isa = PBXBuildFile; fileRef = 5515BE3A16D842A2B03A0CB8 /* /Users/birarda/code/worklist/interface/interface/src/Particle.h */; settings = { COMPILER_FLAGS = ""; }; };
A944D966E786408E9F34D924 /* /Users/birarda/code/worklist/interface/interface/src/SerialInterface.h */ = {isa = PBXBuildFile; fileRef = 38906C190D174958B40F6FE5 /* /Users/birarda/code/worklist/interface/interface/src/SerialInterface.h */; settings = { COMPILER_FLAGS = ""; }; };
70A170B8613249F2B6F2EC48 /* /Users/birarda/code/worklist/interface/interface/src/Texture.h */ = {isa = PBXBuildFile; fileRef = 63241AB42BD14FDCBEE6838A /* /Users/birarda/code/worklist/interface/interface/src/Texture.h */; settings = { COMPILER_FLAGS = ""; }; };
724BC7FEB0F0455EB02A84B2 /* /Users/birarda/code/worklist/interface/interface/src/UDPSocket.h */ = {isa = PBXBuildFile; fileRef = 7FE115618B374E5C9DD15524 /* /Users/birarda/code/worklist/interface/interface/src/UDPSocket.h */; settings = { COMPILER_FLAGS = ""; }; };
C8E0BD9676AF4AA982C21CE7 /* /Users/birarda/code/worklist/interface/interface/src/Util.h */ = {isa = PBXBuildFile; fileRef = A632B571B8E34C5694CD6075 /* /Users/birarda/code/worklist/interface/interface/src/Util.h */; settings = { COMPILER_FLAGS = ""; }; };
ADA2201158AB474A871DC474 /* /Users/birarda/code/worklist/interface/interface/src/world.h */ = {isa = PBXBuildFile; fileRef = FA62182863EC475A9F0AC006 /* /Users/birarda/code/worklist/interface/interface/src/world.h */; settings = { COMPILER_FLAGS = ""; }; };
B3B6A260466649BFBA4E5525 /* /Users/birarda/code/worklist/interface/interface/src/CMakeLists.txt */ = {isa = PBXBuildFile; fileRef = B02C8041160442A9A3BFE63D /* /Users/birarda/code/worklist/interface/interface/src/CMakeLists.txt */; settings = { COMPILER_FLAGS = ""; }; };
/* End PBXBuildFile section */

/* Begin PBXBuildStyle section */
              61D53ADED6FF49069FDD49A9 /*  */ = {
                     isa = PBXBuildStyle;
              };
              836B275F1BB54E7894CB0417 /* Debug */ = {
                     isa = PBXBuildStyle;
                     buildSettings = {
                            COPY_PHASE_STRIP = NO;
                     };
                     name = Debug;
              };
              6852A7EC83FD45BBAF19EF8B /* Release */ = {
                     isa = PBXBuildStyle;
                     buildSettings = {
                            COPY_PHASE_STRIP = NO;
                     };
                     name = Release;
              };
              F864489D8A7644A0875E40C8 /* MinSizeRel */ = {
                     isa = PBXBuildStyle;
                     buildSettings = {
                            COPY_PHASE_STRIP = NO;
                     };
                     name = MinSizeRel;
              };
              E2BB05A935164B7D9526FFB0 /* RelWithDebInfo */ = {
                     isa = PBXBuildStyle;
                     buildSettings = {
                            COPY_PHASE_STRIP = NO;
                     };
                     name = RelWithDebInfo;
              };
/* End PBXBuildStyle section */

/* Begin PBXContainerItemProxy section */
              910393A4D7394A7C91FE72E4 /* PBXContainerItemProxy */ = {
                     isa = PBXContainerItemProxy;
                     containerPortal = A563974108A04D62A97FF381 /* Project object */;
                     proxyType = 1;
                     remoteGlobalIDString = 4FFEF9D3CD1D489C8A7BD1AC;
                     remoteInfo = interface;
              };
              5C43169986374558A98045B4 /* PBXContainerItemProxy */ = {
                     isa = PBXContainerItemProxy;
                     containerPortal = A563974108A04D62A97FF381 /* Project object */;
                     proxyType = 1;
                     remoteGlobalIDString = 7F3D93BE172949518ACB78A3;
                     remoteInfo = ZERO_CHECK;
              };
/* End PBXContainerItemProxy section */

/* Begin PBXFileReference section */
9C2009C9FD894C47A25D8C30 /* /Users/birarda/code/worklist/interface/interface/CMakeLists.txt */ = {isa = PBXFileReference; fileEncoding = 4; lastKnownFileType = "sourcecode.text"; name = "CMakeLists.txt"; path = "CMakeLists.txt"; sourceTree = SOURCE_ROOT; };
C186444D006648DCA70E9A25 /* /Users/birarda/code/worklist/interface/interface/src/Agent.cpp */ = {isa = PBXFileReference; fileEncoding = 4; lastKnownFileType = "sourcecode.cpp.cpp"; name = "Agent.cpp"; path = "src/Agent.cpp"; sourceTree = SOURCE_ROOT; };
1B38A6722FDD4847B2754C6B /* /Users/birarda/code/worklist/interface/interface/src/Audio.cpp */ = {isa = PBXFileReference; fileEncoding = 4; lastKnownFileType = "sourcecode.cpp.cpp"; name = "Audio.cpp"; path = "src/Audio.cpp"; sourceTree = SOURCE_ROOT; };
86F9E92F13C143BCBCA76C44 /* /Users/birarda/code/worklist/interface/interface/src/AudioData.cpp */ = {isa = PBXFileReference; fileEncoding = 4; lastKnownFileType = "sourcecode.cpp.cpp"; name = "AudioData.cpp"; path = "src/AudioData.cpp"; sourceTree = SOURCE_ROOT; };
DC2E9F75ED864CBBBE7504F4 /* /Users/birarda/code/worklist/interface/interface/src/AudioRingBuffer.cpp */ = {isa = PBXFileReference; fileEncoding = 4; lastKnownFileType = "sourcecode.cpp.cpp"; name = "AudioRingBuffer.cpp"; path = "src/AudioRingBuffer.cpp"; sourceTree = SOURCE_ROOT; };
FBF3B100B7984B7680AFAA23 /* /Users/birarda/code/worklist/interface/interface/src/AudioSource.cpp */ = {isa = PBXFileReference; fileEncoding = 4; lastKnownFileType = "sourcecode.cpp.cpp"; name = "AudioSource.cpp"; path = "src/AudioSource.cpp"; sourceTree = SOURCE_ROOT; };
317028C953964C0BBFB2C34C /* /Users/birarda/code/worklist/interface/interface/src/Cloud.cpp */ = {isa = PBXFileReference; fileEncoding = 4; lastKnownFileType = "sourcecode.cpp.cpp"; name = "Cloud.cpp"; path = "src/Cloud.cpp"; sourceTree = SOURCE_ROOT; };
F3D70FCACA56400DB5A79FA2 /* /Users/birarda/code/worklist/interface/interface/src/Cube.cpp */ = {isa = PBXFileReference; fileEncoding = 4; lastKnownFileType = "sourcecode.cpp.cpp"; name = "Cube.cpp"; path = "src/Cube.cpp"; sourceTree = SOURCE_ROOT; };
009FA68B9FB04573A71FB878 /* /Users/birarda/code/worklist/interface/interface/src/Field.cpp */ = {isa = PBXFileReference; fileEncoding = 4; lastKnownFileType = "sourcecode.cpp.cpp"; name = "Field.cpp"; path = "src/Field.cpp"; sourceTree = SOURCE_ROOT; };
53538B4337104D5281169195 /* /Users/birarda/code/worklist/interface/interface/src/Finger.cpp */ = {isa = PBXFileReference; fileEncoding = 4; lastKnownFileType = "sourcecode.cpp.cpp"; name = "Finger.cpp"; path = "src/Finger.cpp"; sourceTree = SOURCE_ROOT; };
848E61CA207943EE827BB8E6 /* /Users/birarda/code/worklist/interface/interface/src/Hand.cpp */ = {isa = PBXFileReference; fileEncoding = 4; lastKnownFileType = "sourcecode.cpp.cpp"; name = "Hand.cpp"; path = "src/Hand.cpp"; sourceTree = SOURCE_ROOT; };
D3D9D041C2554616891881BB /* /Users/birarda/code/worklist/interface/interface/src/Head.cpp */ = {isa = PBXFileReference; fileEncoding = 4; lastKnownFileType = "sourcecode.cpp.cpp"; name = "Head.cpp"; path = "src/Head.cpp"; sourceTree = SOURCE_ROOT; };
394BBE08D83E4F6D931C3458 /* /Users/birarda/code/worklist/interface/interface/src/Lattice.cpp */ = {isa = PBXFileReference; fileEncoding = 4; lastKnownFileType = "sourcecode.cpp.cpp"; name = "Lattice.cpp"; path = "src/Lattice.cpp"; sourceTree = SOURCE_ROOT; };
DE5A028CD3CB414E9A157D63 /* /Users/birarda/code/worklist/interface/interface/src/main.cpp */ = {isa = PBXFileReference; fileEncoding = 4; lastKnownFileType = "sourcecode.cpp.cpp"; name = "main.cpp"; path = "src/main.cpp"; sourceTree = SOURCE_ROOT; };
F506920E37D14F518999FF86 /* /Users/birarda/code/worklist/interface/interface/src/Network.cpp */ = {isa = PBXFileReference; fileEncoding = 4; lastKnownFileType = "sourcecode.cpp.cpp"; name = "Network.cpp"; path = "src/Network.cpp"; sourceTree = SOURCE_ROOT; };
44107EE7074140399156ABE7 /* /Users/birarda/code/worklist/interface/interface/src/octal.cpp */ = {isa = PBXFileReference; fileEncoding = 4; lastKnownFileType = "sourcecode.cpp.cpp"; name = "octal.cpp"; path = "src/octal.cpp"; sourceTree = SOURCE_ROOT; };
AE18802DD8D1419187D327A8 /* /Users/birarda/code/worklist/interface/interface/src/Oscilloscope.cpp */ = {isa = PBXFileReference; fileEncoding = 4; lastKnownFileType = "sourcecode.cpp.cpp"; name = "Oscilloscope.cpp"; path = "src/Oscilloscope.cpp"; sourceTree = SOURCE_ROOT; };
F18E42130DC5447AABF888D6 /* /Users/birarda/code/worklist/interface/interface/src/Particle.cpp */ = {isa = PBXFileReference; fileEncoding = 4; lastKnownFileType = "sourcecode.cpp.cpp"; name = "Particle.cpp"; path = "src/Particle.cpp"; sourceTree = SOURCE_ROOT; };
A82125C52C2E46FC9444D1E2 /* /Users/birarda/code/worklist/interface/interface/src/SerialInterface.cpp */ = {isa = PBXFileReference; fileEncoding = 4; lastKnownFileType = "sourcecode.cpp.cpp"; name = "SerialInterface.cpp"; path = "src/SerialInterface.cpp"; sourceTree = SOURCE_ROOT; };
ADCD7EE9D6DC4C059E040041 /* /Users/birarda/code/worklist/interface/interface/src/Texture.cpp */ = {isa = PBXFileReference; fileEncoding = 4; lastKnownFileType = "sourcecode.cpp.cpp"; name = "Texture.cpp"; path = "src/Texture.cpp"; sourceTree = SOURCE_ROOT; };
4582CC802FEA4DE7B927E593 /* /Users/birarda/code/worklist/interface/interface/src/UDPSocket.cpp */ = {isa = PBXFileReference; fileEncoding = 4; lastKnownFileType = "sourcecode.cpp.cpp"; name = "UDPSocket.cpp"; path = "src/UDPSocket.cpp"; sourceTree = SOURCE_ROOT; };
F0746BFEF8384498B36763AF /* /Users/birarda/code/worklist/interface/interface/src/Util.cpp */ = {isa = PBXFileReference; fileEncoding = 4; lastKnownFileType = "sourcecode.cpp.cpp"; name = "Util.cpp"; path = "src/Util.cpp"; sourceTree = SOURCE_ROOT; };
C1E2156446944DB3B42E2071 /* /Users/birarda/code/worklist/interface/interface/src/Agent.h */ = {isa = PBXFileReference; fileEncoding = 4; lastKnownFileType = "sourcecode.c.h"; name = "Agent.h"; path = "src/Agent.h"; sourceTree = SOURCE_ROOT; };
27969B3D10164FFD8149AB6E /* /Users/birarda/code/worklist/interface/interface/src/Audio.h */ = {isa = PBXFileReference; fileEncoding = 4; lastKnownFileType = "sourcecode.c.h"; name = "Audio.h"; path = "src/Audio.h"; sourceTree = SOURCE_ROOT; };
64F1CA594E724DB8938F3AC5 /* /Users/birarda/code/worklist/interface/interface/src/AudioData.h */ = {isa = PBXFileReference; fileEncoding = 4; lastKnownFileType = "sourcecode.c.h"; name = "AudioData.h"; path = "src/AudioData.h"; sourceTree = SOURCE_ROOT; };
3CCC693D012C473BBC54224D /* /Users/birarda/code/worklist/interface/interface/src/AudioRingBuffer.h */ = {isa = PBXFileReference; fileEncoding = 4; lastKnownFileType = "sourcecode.c.h"; name = "AudioRingBuffer.h"; path = "src/AudioRingBuffer.h"; sourceTree = SOURCE_ROOT; };
FBECFB6288004841B4BEDF9D /* /Users/birarda/code/worklist/interface/interface/src/AudioSource.h */ = {isa = PBXFileReference; fileEncoding = 4; lastKnownFileType = "sourcecode.c.h"; name = "AudioSource.h"; path = "src/AudioSource.h"; sourceTree = SOURCE_ROOT; };
5260538CD9EB493987C0476A /* /Users/birarda/code/worklist/interface/interface/src/Cloud.h */ = {isa = PBXFileReference; fileEncoding = 4; lastKnownFileType = "sourcecode.c.h"; name = "Cloud.h"; path = "src/Cloud.h"; sourceTree = SOURCE_ROOT; };
BD3DD809BA7C4E75BEAD2479 /* /Users/birarda/code/worklist/interface/interface/src/Cube.h */ = {isa = PBXFileReference; fileEncoding = 4; lastKnownFileType = "sourcecode.c.h"; name = "Cube.h"; path = "src/Cube.h"; sourceTree = SOURCE_ROOT; };
0C5806C51DBE4A2183C09050 /* /Users/birarda/code/worklist/interface/interface/src/Field.h */ = {isa = PBXFileReference; fileEncoding = 4; lastKnownFileType = "sourcecode.c.h"; name = "Field.h"; path = "src/Field.h"; sourceTree = SOURCE_ROOT; };
5C3C6D86BE264004988A2CB2 /* /Users/birarda/code/worklist/interface/interface/src/Finger.h */ = {isa = PBXFileReference; fileEncoding = 4; lastKnownFileType = "sourcecode.c.h"; name = "Finger.h"; path = "src/Finger.h"; sourceTree = SOURCE_ROOT; };
BC42A80B49FB4C3AA4FED8F4 /* /Users/birarda/code/worklist/interface/interface/src/Hand.h */ = {isa = PBXFileReference; fileEncoding = 4; lastKnownFileType = "sourcecode.c.h"; name = "Hand.h"; path = "src/Hand.h"; sourceTree = SOURCE_ROOT; };
2B36F627C2A54C9CB733AC88 /* /Users/birarda/code/worklist/interface/interface/src/Head.h */ = {isa = PBXFileReference; fileEncoding = 4; lastKnownFileType = "sourcecode.c.h"; name = "Head.h"; path = "src/Head.h"; sourceTree = SOURCE_ROOT; };
A492B064CE0F461D875AAD01 /* /Users/birarda/code/worklist/interface/interface/src/Lattice.h */ = {isa = PBXFileReference; fileEncoding = 4; lastKnownFileType = "sourcecode.c.h"; name = "Lattice.h"; path = "src/Lattice.h"; sourceTree = SOURCE_ROOT; };
CFC6B565E3094C699C3E0F8C /* /Users/birarda/code/worklist/interface/interface/src/Network.h */ = {isa = PBXFileReference; fileEncoding = 4; lastKnownFileType = "sourcecode.c.h"; name = "Network.h"; path = "src/Network.h"; sourceTree = SOURCE_ROOT; };
9E7DC6DA4E3440BF8E5F6A63 /* /Users/birarda/code/worklist/interface/interface/src/octal.h */ = {isa = PBXFileReference; fileEncoding = 4; lastKnownFileType = "sourcecode.c.h"; name = "octal.h"; path = "src/octal.h"; sourceTree = SOURCE_ROOT; };
2951F72C2B88481496007CFB /* /Users/birarda/code/worklist/interface/interface/src/Oscilloscope.h */ = {isa = PBXFileReference; fileEncoding = 4; lastKnownFileType = "sourcecode.c.h"; name = "Oscilloscope.h"; path = "src/Oscilloscope.h"; sourceTree = SOURCE_ROOT; };
5515BE3A16D842A2B03A0CB8 /* /Users/birarda/code/worklist/interface/interface/src/Particle.h */ = {isa = PBXFileReference; fileEncoding = 4; lastKnownFileType = "sourcecode.c.h"; name = "Particle.h"; path = "src/Particle.h"; sourceTree = SOURCE_ROOT; };
38906C190D174958B40F6FE5 /* /Users/birarda/code/worklist/interface/interface/src/SerialInterface.h */ = {isa = PBXFileReference; fileEncoding = 4; lastKnownFileType = "sourcecode.c.h"; name = "SerialInterface.h"; path = "src/SerialInterface.h"; sourceTree = SOURCE_ROOT; };
63241AB42BD14FDCBEE6838A /* /Users/birarda/code/worklist/interface/interface/src/Texture.h */ = {isa = PBXFileReference; fileEncoding = 4; lastKnownFileType = "sourcecode.c.h"; name = "Texture.h"; path = "src/Texture.h"; sourceTree = SOURCE_ROOT; };
7FE115618B374E5C9DD15524 /* /Users/birarda/code/worklist/interface/interface/src/UDPSocket.h */ = {isa = PBXFileReference; fileEncoding = 4; lastKnownFileType = "sourcecode.c.h"; name = "UDPSocket.h"; path = "src/UDPSocket.h"; sourceTree = SOURCE_ROOT; };
A632B571B8E34C5694CD6075 /* /Users/birarda/code/worklist/interface/interface/src/Util.h */ = {isa = PBXFileReference; fileEncoding = 4; lastKnownFileType = "sourcecode.c.h"; name = "Util.h"; path = "src/Util.h"; sourceTree = SOURCE_ROOT; };
FA62182863EC475A9F0AC006 /* /Users/birarda/code/worklist/interface/interface/src/world.h */ = {isa = PBXFileReference; fileEncoding = 4; lastKnownFileType = "sourcecode.c.h"; name = "world.h"; path = "src/world.h"; sourceTree = SOURCE_ROOT; };
B02C8041160442A9A3BFE63D /* /Users/birarda/code/worklist/interface/interface/src/CMakeLists.txt */ = {isa = PBXFileReference; fileEncoding = 4; lastKnownFileType = "sourcecode.text"; name = "CMakeLists.txt"; path = "src/CMakeLists.txt"; sourceTree = SOURCE_ROOT; };
E0790DACE7CB43E6890D4BEC /* interface */ = {isa = PBXFileReference; explicitFileType = "compiled.mach-o.executable"; path = interface; refType = 0; sourceTree = BUILT_PRODUCTS_DIR; };
/* End PBXFileReference section */

/* Begin PBXGroup section */
              25D80430F28C481C9A49433B  = {
                     isa = PBXGroup;
                     children = (
                            682B6B177CC24AC8A25B9A5A /* Sources */,
                            6D6ECB79728B47428AD92760 /* Resources */,
                            ECB823F0564C41B7B0A9D7AE /* Products */,
                     );
                     sourceTree = "<group>";
              };
              682B6B177CC24AC8A25B9A5A /* Sources */ = {
                     isa = PBXGroup;
                     children = (
                            7973360B89644846A52F8CF2 /* ALL_BUILD */,
                            0F1620F6D9514799B33F7AB5 /* ZERO_CHECK */,
                            59281A4F721E4509BD87C941 /* interface */,
                     );
                     name = Sources;
                     sourceTree = "<group>";
              };
              6D6ECB79728B47428AD92760 /* Resources */ = {
                     isa = PBXGroup;
                     children = (
                     );
                     name = Resources;
                     sourceTree = "<group>";
              };
              7973360B89644846A52F8CF2 /* ALL_BUILD */ = {
                     isa = PBXGroup;
                     children = (
                            3481E6C0C89B4DC394180358 /* CMake Rules */,
                            9C2009C9FD894C47A25D8C30 /* /Users/birarda/code/worklist/interface/interface/CMakeLists.txt */,
                     );
                     name = ALL_BUILD;
                     sourceTree = "<group>";
              };
              3481E6C0C89B4DC394180358 /* CMake Rules */ = {
                     isa = PBXGroup;
                     children = (
                     );
                     name = "CMake Rules";
                     sourceTree = "<group>";
              };
              0F1620F6D9514799B33F7AB5 /* ZERO_CHECK */ = {
                     isa = PBXGroup;
                     children = (
                            190BEABE5D06420B9F6E96B1 /* CMake Rules */,
                            9C2009C9FD894C47A25D8C30 /* /Users/birarda/code/worklist/interface/interface/CMakeLists.txt */,
                     );
                     name = ZERO_CHECK;
                     sourceTree = "<group>";
              };
              190BEABE5D06420B9F6E96B1 /* CMake Rules */ = {
                     isa = PBXGroup;
                     children = (
                     );
                     name = "CMake Rules";
                     sourceTree = "<group>";
              };
              59281A4F721E4509BD87C941 /* interface */ = {
                     isa = PBXGroup;
                     children = (
                            F05098812ADE4F96A6408A0E /* Source Files */,
                            CCACF50D0AC7485D87C94529 /* Header Files */,
                            B02C8041160442A9A3BFE63D /* /Users/birarda/code/worklist/interface/interface/src/CMakeLists.txt */,
                     );
                     name = interface;
                     sourceTree = "<group>";
              };
              F05098812ADE4F96A6408A0E /* Source Files */ = {
                     isa = PBXGroup;
                     children = (
                            C186444D006648DCA70E9A25 /* /Users/birarda/code/worklist/interface/interface/src/Agent.cpp */,
                            1B38A6722FDD4847B2754C6B /* /Users/birarda/code/worklist/interface/interface/src/Audio.cpp */,
                            86F9E92F13C143BCBCA76C44 /* /Users/birarda/code/worklist/interface/interface/src/AudioData.cpp */,
                            DC2E9F75ED864CBBBE7504F4 /* /Users/birarda/code/worklist/interface/interface/src/AudioRingBuffer.cpp */,
                            FBF3B100B7984B7680AFAA23 /* /Users/birarda/code/worklist/interface/interface/src/AudioSource.cpp */,
                            317028C953964C0BBFB2C34C /* /Users/birarda/code/worklist/interface/interface/src/Cloud.cpp */,
                            F3D70FCACA56400DB5A79FA2 /* /Users/birarda/code/worklist/interface/interface/src/Cube.cpp */,
                            009FA68B9FB04573A71FB878 /* /Users/birarda/code/worklist/interface/interface/src/Field.cpp */,
                            53538B4337104D5281169195 /* /Users/birarda/code/worklist/interface/interface/src/Finger.cpp */,
                            848E61CA207943EE827BB8E6 /* /Users/birarda/code/worklist/interface/interface/src/Hand.cpp */,
                            D3D9D041C2554616891881BB /* /Users/birarda/code/worklist/interface/interface/src/Head.cpp */,
                            394BBE08D83E4F6D931C3458 /* /Users/birarda/code/worklist/interface/interface/src/Lattice.cpp */,
                            DE5A028CD3CB414E9A157D63 /* /Users/birarda/code/worklist/interface/interface/src/main.cpp */,
                            F506920E37D14F518999FF86 /* /Users/birarda/code/worklist/interface/interface/src/Network.cpp */,
                            44107EE7074140399156ABE7 /* /Users/birarda/code/worklist/interface/interface/src/octal.cpp */,
                            AE18802DD8D1419187D327A8 /* /Users/birarda/code/worklist/interface/interface/src/Oscilloscope.cpp */,
                            F18E42130DC5447AABF888D6 /* /Users/birarda/code/worklist/interface/interface/src/Particle.cpp */,
                            A82125C52C2E46FC9444D1E2 /* /Users/birarda/code/worklist/interface/interface/src/SerialInterface.cpp */,
                            ADCD7EE9D6DC4C059E040041 /* /Users/birarda/code/worklist/interface/interface/src/Texture.cpp */,
                            4582CC802FEA4DE7B927E593 /* /Users/birarda/code/worklist/interface/interface/src/UDPSocket.cpp */,
                            F0746BFEF8384498B36763AF /* /Users/birarda/code/worklist/interface/interface/src/Util.cpp */,
                     );
                     name = "Source Files";
                     sourceTree = "<group>";
              };
              CCACF50D0AC7485D87C94529 /* Header Files */ = {
                     isa = PBXGroup;
                     children = (
                            C1E2156446944DB3B42E2071 /* /Users/birarda/code/worklist/interface/interface/src/Agent.h */,
                            27969B3D10164FFD8149AB6E /* /Users/birarda/code/worklist/interface/interface/src/Audio.h */,
                            64F1CA594E724DB8938F3AC5 /* /Users/birarda/code/worklist/interface/interface/src/AudioData.h */,
                            3CCC693D012C473BBC54224D /* /Users/birarda/code/worklist/interface/interface/src/AudioRingBuffer.h */,
                            FBECFB6288004841B4BEDF9D /* /Users/birarda/code/worklist/interface/interface/src/AudioSource.h */,
                            5260538CD9EB493987C0476A /* /Users/birarda/code/worklist/interface/interface/src/Cloud.h */,
                            BD3DD809BA7C4E75BEAD2479 /* /Users/birarda/code/worklist/interface/interface/src/Cube.h */,
                            0C5806C51DBE4A2183C09050 /* /Users/birarda/code/worklist/interface/interface/src/Field.h */,
                            5C3C6D86BE264004988A2CB2 /* /Users/birarda/code/worklist/interface/interface/src/Finger.h */,
                            BC42A80B49FB4C3AA4FED8F4 /* /Users/birarda/code/worklist/interface/interface/src/Hand.h */,
                            2B36F627C2A54C9CB733AC88 /* /Users/birarda/code/worklist/interface/interface/src/Head.h */,
                            A492B064CE0F461D875AAD01 /* /Users/birarda/code/worklist/interface/interface/src/Lattice.h */,
                            CFC6B565E3094C699C3E0F8C /* /Users/birarda/code/worklist/interface/interface/src/Network.h */,
                            9E7DC6DA4E3440BF8E5F6A63 /* /Users/birarda/code/worklist/interface/interface/src/octal.h */,
                            2951F72C2B88481496007CFB /* /Users/birarda/code/worklist/interface/interface/src/Oscilloscope.h */,
                            5515BE3A16D842A2B03A0CB8 /* /Users/birarda/code/worklist/interface/interface/src/Particle.h */,
                            38906C190D174958B40F6FE5 /* /Users/birarda/code/worklist/interface/interface/src/SerialInterface.h */,
                            63241AB42BD14FDCBEE6838A /* /Users/birarda/code/worklist/interface/interface/src/Texture.h */,
                            7FE115618B374E5C9DD15524 /* /Users/birarda/code/worklist/interface/interface/src/UDPSocket.h */,
                            A632B571B8E34C5694CD6075 /* /Users/birarda/code/worklist/interface/interface/src/Util.h */,
                            FA62182863EC475A9F0AC006 /* /Users/birarda/code/worklist/interface/interface/src/world.h */,
                     );
                     name = "Header Files";
                     sourceTree = "<group>";
              };
              ECB823F0564C41B7B0A9D7AE /* Products */ = {
                     isa = PBXGroup;
                     children = (
                            E0790DACE7CB43E6890D4BEC /* interface */,
                     );
                     name = Products;
                     sourceTree = "<group>";
              };
/* End PBXGroup section */

/* Begin PBXNativeTarget section */
              4FFEF9D3CD1D489C8A7BD1AC /* interface */ = {
                     isa = PBXNativeTarget;
                     buildConfigurationList = 52022E558DDB4B0E9A0D0ABC /* Build configuration list for PBXNativeTarget "interface" */;
                     buildPhases = (
                            7175D8A7032B45E4A9EF770B /* Sources */,
                            A49A24C63A614F139A8B3634 /* CMake PostBuild Rules */,
                     );
                     buildRules = (
                     );
                     dependencies = (
                            7BE6827E205B4C2295D98EDB /* PBXTargetDependency */,
                     );
                     name = interface;
                     productName = interface;
                     productReference = E0790DACE7CB43E6890D4BEC /* interface */;
                     productType = "com.apple.product-type.tool";
              };
/* End PBXNativeTarget section */

/* Begin PBXProject section */
              A563974108A04D62A97FF381 /* Project object */ = {
                     isa = PBXProject;
                     attributes = {
                            BuildIndependentTargetsInParallel = YES;
                     };
                     buildConfigurationList = 921AA6884B1342C191752832 /* Build configuration list for PBXProject  "interface" */;
                     buildSettings = {
                     };
                     buildStyles = (
                            836B275F1BB54E7894CB0417 /* Debug */,
                            6852A7EC83FD45BBAF19EF8B /* Release */,
                            F864489D8A7644A0875E40C8 /* MinSizeRel */,
                            E2BB05A935164B7D9526FFB0 /* RelWithDebInfo */,
                     );
                     compatibilityVersion = "Xcode 3.2";
                     hasScannedForEncodings = 0;
                     mainGroup = 25D80430F28C481C9A49433B;
                     projectDirPath = ".";
                     projectRoot = "";
                     targets = (
                            5C516F72EF6A455690636595 /* ALL_BUILD */,
                            7F3D93BE172949518ACB78A3 /* ZERO_CHECK */,
                            4FFEF9D3CD1D489C8A7BD1AC /* interface */,
                     );
              };
/* End PBXProject section */

/* Begin PBXShellScriptBuildPhase section */
              42746840BB944ABBA5EEB5FC /*  */ = {
                     isa = PBXShellScriptBuildPhase;
                     buildActionMask = 2147483647;
                     files = (
                     );
                     inputPaths = (
                     );
                     outputPaths = (
                     );
                     runOnlyForDeploymentPostprocessing = 0;
                     shellPath = /bin/sh;
                     shellScript = "# shell script goes here
exit 0";
                     showEnvVarsInLog = 0;
              };
              49EBCEB0ADB84F06A4EB7FC5 /* CMake Rules */ = {
                     isa = PBXShellScriptBuildPhase;
                     buildActionMask = 2147483647;
                     files = (
                     );
                     name = "CMake Rules";
                     runOnlyForDeploymentPostprocessing = 0;
                     shellPath = /bin/sh;
                     shellScript = "make -C /Users/birarda/code/worklist/interface/interface -f /Users/birarda/code/worklist/interface/interface/CMakeScripts/ALL_BUILD_cmakeRulesBuildPhase.make$CONFIGURATION all";
                     showEnvVarsInLog = 0;
              };
              BEFF0E86B5A1472AB53BB039 /*  */ = {
                     isa = PBXShellScriptBuildPhase;
                     buildActionMask = 2147483647;
                     files = (
                     );
                     inputPaths = (
                     );
                     outputPaths = (
                     );
                     runOnlyForDeploymentPostprocessing = 0;
                     shellPath = /bin/sh;
                     shellScript = "# shell script goes here
exit 0";
                     showEnvVarsInLog = 0;
              };
              49D8A8D4A6C4466A8F2E1AE9 /* CMake Rules */ = {
                     isa = PBXShellScriptBuildPhase;
                     buildActionMask = 2147483647;
                     files = (
                     );
                     name = "CMake Rules";
                     runOnlyForDeploymentPostprocessing = 0;
                     shellPath = /bin/sh;
                     shellScript = "make -C /Users/birarda/code/worklist/interface/interface -f /Users/birarda/code/worklist/interface/interface/CMakeScripts/ZERO_CHECK_cmakeRulesBuildPhase.make$CONFIGURATION all";
                     showEnvVarsInLog = 0;
              };
              A49A24C63A614F139A8B3634 /* CMake PostBuild Rules */ = {
                     isa = PBXShellScriptBuildPhase;
                     buildActionMask = 2147483647;
                     files = (
                     );
                     name = "CMake PostBuild Rules";
                     runOnlyForDeploymentPostprocessing = 0;
                     shellPath = /bin/sh;
                     shellScript = "make -C /Users/birarda/code/worklist/interface/interface/src -f /Users/birarda/code/worklist/interface/interface/src/CMakeScripts/interface_postBuildPhase.make$CONFIGURATION all";
                     showEnvVarsInLog = 0;
              };
/* End PBXShellScriptBuildPhase section */

/* Begin PBXSourcesBuildPhase section */
              7175D8A7032B45E4A9EF770B /* Sources */ = {
                     isa = PBXSourcesBuildPhase;
                     buildActionMask = 2147483647;
                     files = (
                            98878D7EBA8547DAB012C1BE /* /Users/birarda/code/worklist/interface/interface/src/Agent.cpp */,
                            F1984CF56AA84A419906C5E5 /* /Users/birarda/code/worklist/interface/interface/src/Audio.cpp */,
                            468C5EC5611844BCB7A44A6C /* /Users/birarda/code/worklist/interface/interface/src/AudioData.cpp */,
                            B7A488896E6847B1BC107BFC /* /Users/birarda/code/worklist/interface/interface/src/AudioRingBuffer.cpp */,
                            28996520A87E4DF39E0970A0 /* /Users/birarda/code/worklist/interface/interface/src/AudioSource.cpp */,
                            4D5D086AE2E34F8AB8695C47 /* /Users/birarda/code/worklist/interface/interface/src/Cloud.cpp */,
                            EEBCF290A1CE42299A8CD80B /* /Users/birarda/code/worklist/interface/interface/src/Cube.cpp */,
                            85C447CDA7B540D4A3BE5AC6 /* /Users/birarda/code/worklist/interface/interface/src/Field.cpp */,
                            5FAD9AEF271342D29F464045 /* /Users/birarda/code/worklist/interface/interface/src/Finger.cpp */,
                            602D223296AA49238CA1F19D /* /Users/birarda/code/worklist/interface/interface/src/Hand.cpp */,
                            3ED0802657BD455B8EE1FDFB /* /Users/birarda/code/worklist/interface/interface/src/Head.cpp */,
                            010DFD051EA6422A93DE2A0C /* /Users/birarda/code/worklist/interface/interface/src/Lattice.cpp */,
                            0317354F78174824A3C890E7 /* /Users/birarda/code/worklist/interface/interface/src/main.cpp */,
                            B345AF8FCFD54684A1B62DBF /* /Users/birarda/code/worklist/interface/interface/src/Network.cpp */,
                            E161840F14984082B5B046C0 /* /Users/birarda/code/worklist/interface/interface/src/octal.cpp */,
                            1D8F4C107A6848A9B0C28D17 /* /Users/birarda/code/worklist/interface/interface/src/Oscilloscope.cpp */,
                            2EFB749862794A80B5CD2D69 /* /Users/birarda/code/worklist/interface/interface/src/Particle.cpp */,
                            783CB61D8656422E85CDC158 /* /Users/birarda/code/worklist/interface/interface/src/SerialInterface.cpp */,
                            098847A9000743578DA3CB4C /* /Users/birarda/code/worklist/interface/interface/src/Texture.cpp */,
                            E425E3EA22CB4918A086057D /* /Users/birarda/code/worklist/interface/interface/src/UDPSocket.cpp */,
                            8DD5FFE764B044F0B6B27171 /* /Users/birarda/code/worklist/interface/interface/src/Util.cpp */,
                     );
                     runOnlyForDeploymentPostprocessing = 0;
              };
/* End PBXSourcesBuildPhase section */

/* Begin PBXTargetDependency section */
              452EBD0B31064E55A3D676A3 /* PBXTargetDependency */ = {
                     isa = PBXTargetDependency;
                     target = 4FFEF9D3CD1D489C8A7BD1AC /* interface */;
                     targetProxy = 910393A4D7394A7C91FE72E4 /* PBXContainerItemProxy */;
              };
              7BE6827E205B4C2295D98EDB /* PBXTargetDependency */ = {
                     isa = PBXTargetDependency;
                     target = 7F3D93BE172949518ACB78A3 /* ZERO_CHECK */;
                     targetProxy = 5C43169986374558A98045B4 /* PBXContainerItemProxy */;
              };
/* End PBXTargetDependency section */

/* Begin XCBuildConfiguration section */
              B1E4602A553049FB97E0DE09 /* Debug */ = {
                     isa = XCBuildConfiguration;
                     buildSettings = {
                            ARCHS = "$(ARCHS_STANDARD_32_64_BIT)";
                            ONLY_ACTIVE_ARCH = YES;
                            SDKROOT = "/Applications/Xcode.app/Contents/Developer/Platforms/MacOSX.platform/Developer/SDKs/MacOSX10.8.sdk";
                            SYMROOT = /Users/birarda/code/worklist/interface/interface/build;
                     };
                     name = Debug;
              };
              8487A5A67C4041FD8C8E75A8 /* Release */ = {
                     isa = XCBuildConfiguration;
                     buildSettings = {
                            ARCHS = "$(ARCHS_STANDARD_32_64_BIT)";
                            ONLY_ACTIVE_ARCH = YES;
                            SDKROOT = "/Applications/Xcode.app/Contents/Developer/Platforms/MacOSX.platform/Developer/SDKs/MacOSX10.8.sdk";
                            SYMROOT = /Users/birarda/code/worklist/interface/interface/build;
                     };
                     name = Release;
              };
              D3D2146093774A329B8766C0 /* MinSizeRel */ = {
                     isa = XCBuildConfiguration;
                     buildSettings = {
                            ARCHS = "$(ARCHS_STANDARD_32_64_BIT)";
                            ONLY_ACTIVE_ARCH = YES;
                            SDKROOT = "/Applications/Xcode.app/Contents/Developer/Platforms/MacOSX.platform/Developer/SDKs/MacOSX10.8.sdk";
                            SYMROOT = /Users/birarda/code/worklist/interface/interface/build;
                     };
                     name = MinSizeRel;
              };
              229AC603ADE842278FD0AA78 /* RelWithDebInfo */ = {
                     isa = XCBuildConfiguration;
                     buildSettings = {
                            ARCHS = "$(ARCHS_STANDARD_32_64_BIT)";
                            ONLY_ACTIVE_ARCH = YES;
                            SDKROOT = "/Applications/Xcode.app/Contents/Developer/Platforms/MacOSX.platform/Developer/SDKs/MacOSX10.8.sdk";
                            SYMROOT = /Users/birarda/code/worklist/interface/interface/build;
                     };
                     name = RelWithDebInfo;
              };
              F9FDEA40CFA14DF996832F89 /* Debug */ = {
                     isa = XCBuildConfiguration;
                     buildSettings = {
                            GCC_GENERATE_DEBUGGING_SYMBOLS = NO;
                            GCC_INLINES_ARE_PRIVATE_EXTERN = NO;
                            GCC_OPTIMIZATION_LEVEL = 0;
                            GCC_PREPROCESSOR_DEFINITIONS = ("'CMAKE_INTDIR=\"$(CONFIGURATION)$(EFFECTIVE_PLATFORM_NAME)\"'", );
                            GCC_SYMBOLS_PRIVATE_EXTERN = NO;
                            INSTALL_PATH = "";
                            OTHER_CFLAGS = "  ";
                            OTHER_LDFLAGS = "";
                            OTHER_REZFLAGS = "";
                            PRODUCT_NAME = ALL_BUILD;
                            SECTORDER_FLAGS = "";
                            SYMROOT = /Users/birarda/code/worklist/interface/interface;
                            USE_HEADERMAP = NO;
                            WARNING_CFLAGS = ("-Wmost", "-Wno-four-char-constants", "-Wno-unknown-pragmas", );
                     };
                     name = Debug;
              };
              7D4DE0802FE740E2AAC1520F /* Release */ = {
                     isa = XCBuildConfiguration;
                     buildSettings = {
                            GCC_GENERATE_DEBUGGING_SYMBOLS = NO;
                            GCC_INLINES_ARE_PRIVATE_EXTERN = NO;
                            GCC_OPTIMIZATION_LEVEL = 0;
                            GCC_PREPROCESSOR_DEFINITIONS = ("'CMAKE_INTDIR=\"$(CONFIGURATION)$(EFFECTIVE_PLATFORM_NAME)\"'", );
                            GCC_SYMBOLS_PRIVATE_EXTERN = NO;
                            INSTALL_PATH = "";
                            OTHER_CFLAGS = "  ";
                            OTHER_LDFLAGS = "";
                            OTHER_REZFLAGS = "";
                            PRODUCT_NAME = ALL_BUILD;
                            SECTORDER_FLAGS = "";
                            SYMROOT = /Users/birarda/code/worklist/interface/interface;
                            USE_HEADERMAP = NO;
                            WARNING_CFLAGS = ("-Wmost", "-Wno-four-char-constants", "-Wno-unknown-pragmas", );
                     };
                     name = Release;
              };
              D062FA2DB4B243A685FD7F37 /* MinSizeRel */ = {
                     isa = XCBuildConfiguration;
                     buildSettings = {
                            GCC_GENERATE_DEBUGGING_SYMBOLS = NO;
                            GCC_INLINES_ARE_PRIVATE_EXTERN = NO;
                            GCC_OPTIMIZATION_LEVEL = 0;
                            GCC_PREPROCESSOR_DEFINITIONS = ("'CMAKE_INTDIR=\"$(CONFIGURATION)$(EFFECTIVE_PLATFORM_NAME)\"'", );
                            GCC_SYMBOLS_PRIVATE_EXTERN = NO;
                            INSTALL_PATH = "";
                            OTHER_CFLAGS = "  ";
                            OTHER_LDFLAGS = "";
                            OTHER_REZFLAGS = "";
                            PRODUCT_NAME = ALL_BUILD;
                            SECTORDER_FLAGS = "";
                            SYMROOT = /Users/birarda/code/worklist/interface/interface;
                            USE_HEADERMAP = NO;
                            WARNING_CFLAGS = ("-Wmost", "-Wno-four-char-constants", "-Wno-unknown-pragmas", );
                     };
                     name = MinSizeRel;
              };
              5F58DDBBAC764550AC6FE2CE /* RelWithDebInfo */ = {
                     isa = XCBuildConfiguration;
                     buildSettings = {
                            GCC_GENERATE_DEBUGGING_SYMBOLS = NO;
                            GCC_INLINES_ARE_PRIVATE_EXTERN = NO;
                            GCC_OPTIMIZATION_LEVEL = 0;
                            GCC_PREPROCESSOR_DEFINITIONS = ("'CMAKE_INTDIR=\"$(CONFIGURATION)$(EFFECTIVE_PLATFORM_NAME)\"'", );
                            GCC_SYMBOLS_PRIVATE_EXTERN = NO;
                            INSTALL_PATH = "";
                            OTHER_CFLAGS = "  ";
                            OTHER_LDFLAGS = "";
                            OTHER_REZFLAGS = "";
                            PRODUCT_NAME = ALL_BUILD;
                            SECTORDER_FLAGS = "";
                            SYMROOT = /Users/birarda/code/worklist/interface/interface;
                            USE_HEADERMAP = NO;
                            WARNING_CFLAGS = ("-Wmost", "-Wno-four-char-constants", "-Wno-unknown-pragmas", );
                     };
                     name = RelWithDebInfo;
              };
              ED3389E0EBE94FE8A7959A67 /* Debug */ = {
                     isa = XCBuildConfiguration;
                     buildSettings = {
                            GCC_GENERATE_DEBUGGING_SYMBOLS = NO;
                            GCC_INLINES_ARE_PRIVATE_EXTERN = NO;
                            GCC_OPTIMIZATION_LEVEL = 0;
                            GCC_PREPROCESSOR_DEFINITIONS = ("'CMAKE_INTDIR=\"$(CONFIGURATION)$(EFFECTIVE_PLATFORM_NAME)\"'", );
                            GCC_SYMBOLS_PRIVATE_EXTERN = NO;
                            INSTALL_PATH = "";
                            OTHER_CFLAGS = "  ";
                            OTHER_LDFLAGS = "";
                            OTHER_REZFLAGS = "";
                            PRODUCT_NAME = ZERO_CHECK;
                            SECTORDER_FLAGS = "";
                            SYMROOT = /Users/birarda/code/worklist/interface/interface;
                            USE_HEADERMAP = NO;
                            WARNING_CFLAGS = ("-Wmost", "-Wno-four-char-constants", "-Wno-unknown-pragmas", );
                     };
                     name = Debug;
              };
              24A3709DDE044DC2BF0C6967 /* Release */ = {
                     isa = XCBuildConfiguration;
                     buildSettings = {
                            GCC_GENERATE_DEBUGGING_SYMBOLS = NO;
                            GCC_INLINES_ARE_PRIVATE_EXTERN = NO;
                            GCC_OPTIMIZATION_LEVEL = 0;
                            GCC_PREPROCESSOR_DEFINITIONS = ("'CMAKE_INTDIR=\"$(CONFIGURATION)$(EFFECTIVE_PLATFORM_NAME)\"'", );
                            GCC_SYMBOLS_PRIVATE_EXTERN = NO;
                            INSTALL_PATH = "";
                            OTHER_CFLAGS = "  ";
                            OTHER_LDFLAGS = "";
                            OTHER_REZFLAGS = "";
                            PRODUCT_NAME = ZERO_CHECK;
                            SECTORDER_FLAGS = "";
                            SYMROOT = /Users/birarda/code/worklist/interface/interface;
                            USE_HEADERMAP = NO;
                            WARNING_CFLAGS = ("-Wmost", "-Wno-four-char-constants", "-Wno-unknown-pragmas", );
                     };
                     name = Release;
              };
              0EEF210803654D4EAC963AA2 /* MinSizeRel */ = {
                     isa = XCBuildConfiguration;
                     buildSettings = {
                            GCC_GENERATE_DEBUGGING_SYMBOLS = NO;
                            GCC_INLINES_ARE_PRIVATE_EXTERN = NO;
                            GCC_OPTIMIZATION_LEVEL = 0;
                            GCC_PREPROCESSOR_DEFINITIONS = ("'CMAKE_INTDIR=\"$(CONFIGURATION)$(EFFECTIVE_PLATFORM_NAME)\"'", );
                            GCC_SYMBOLS_PRIVATE_EXTERN = NO;
                            INSTALL_PATH = "";
                            OTHER_CFLAGS = "  ";
                            OTHER_LDFLAGS = "";
                            OTHER_REZFLAGS = "";
                            PRODUCT_NAME = ZERO_CHECK;
                            SECTORDER_FLAGS = "";
                            SYMROOT = /Users/birarda/code/worklist/interface/interface;
                            USE_HEADERMAP = NO;
                            WARNING_CFLAGS = ("-Wmost", "-Wno-four-char-constants", "-Wno-unknown-pragmas", );
                     };
                     name = MinSizeRel;
              };
              0EF735812F56453F90F9A1B7 /* RelWithDebInfo */ = {
                     isa = XCBuildConfiguration;
                     buildSettings = {
                            GCC_GENERATE_DEBUGGING_SYMBOLS = NO;
                            GCC_INLINES_ARE_PRIVATE_EXTERN = NO;
                            GCC_OPTIMIZATION_LEVEL = 0;
                            GCC_PREPROCESSOR_DEFINITIONS = ("'CMAKE_INTDIR=\"$(CONFIGURATION)$(EFFECTIVE_PLATFORM_NAME)\"'", );
                            GCC_SYMBOLS_PRIVATE_EXTERN = NO;
                            INSTALL_PATH = "";
                            OTHER_CFLAGS = "  ";
                            OTHER_LDFLAGS = "";
                            OTHER_REZFLAGS = "";
                            PRODUCT_NAME = ZERO_CHECK;
                            SECTORDER_FLAGS = "";
                            SYMROOT = /Users/birarda/code/worklist/interface/interface;
                            USE_HEADERMAP = NO;
                            WARNING_CFLAGS = ("-Wmost", "-Wno-four-char-constants", "-Wno-unknown-pragmas", );
                     };
                     name = RelWithDebInfo;
              };
              6EED8935452C45A0BEB49492 /* Debug */ = {
                     isa = XCBuildConfiguration;
                     buildSettings = {
                            EXECUTABLE_PREFIX = "";
                            EXECUTABLE_SUFFIX = "";
                            GCC_GENERATE_DEBUGGING_SYMBOLS = YES;
                            GCC_INLINES_ARE_PRIVATE_EXTERN = NO;
                            GCC_OPTIMIZATION_LEVEL = 0;
                            GCC_PREPROCESSOR_DEFINITIONS = ("'CMAKE_INTDIR=\"$(CONFIGURATION)$(EFFECTIVE_PLATFORM_NAME)\"'", );
                            GCC_SYMBOLS_PRIVATE_EXTERN = NO;
                            INSTALL_PATH = "";
                            LIBRARY_SEARCH_PATHS = "";
                            OTHER_CFLAGS = "    ";
                            OTHER_CPLUSPLUSFLAGS = "    ";
                            OTHER_LDFLAGS = "  -Wl,-search_paths_first -Wl,-headerpad_max_install_names ";
                            OTHER_REZFLAGS = "";
                            PRODUCT_NAME = interface;
                            SECTORDER_FLAGS = "";
                            SYMROOT = /Users/birarda/code/worklist/interface/interface/src;
                            USE_HEADERMAP = NO;
                            WARNING_CFLAGS = ("-Wmost", "-Wno-four-char-constants", "-Wno-unknown-pragmas", );
                     };
                     name = Debug;
              };
              5EAE03C1583C4F5F9C63083B /* Release */ = {
                     isa = XCBuildConfiguration;
                     buildSettings = {
                            EXECUTABLE_PREFIX = "";
                            EXECUTABLE_SUFFIX = "";
                            GCC_GENERATE_DEBUGGING_SYMBOLS = NO;
                            GCC_INLINES_ARE_PRIVATE_EXTERN = NO;
                            GCC_OPTIMIZATION_LEVEL = 3;
                            GCC_PREPROCESSOR_DEFINITIONS = ("'CMAKE_INTDIR=\"$(CONFIGURATION)$(EFFECTIVE_PLATFORM_NAME)\"'", );
                            GCC_SYMBOLS_PRIVATE_EXTERN = NO;
                            INSTALL_PATH = "";
                            LIBRARY_SEARCH_PATHS = "";
                            OTHER_CFLAGS = "    -DNDEBUG  ";
                            OTHER_CPLUSPLUSFLAGS = "    -DNDEBUG  ";
                            OTHER_LDFLAGS = "  -Wl,-search_paths_first -Wl,-headerpad_max_install_names ";
                            OTHER_REZFLAGS = "";
                            PRODUCT_NAME = interface;
                            SECTORDER_FLAGS = "";
                            SYMROOT = /Users/birarda/code/worklist/interface/interface/src;
                            USE_HEADERMAP = NO;
                            WARNING_CFLAGS = ("-Wmost", "-Wno-four-char-constants", "-Wno-unknown-pragmas", );
                     };
                     name = Release;
              };
              2E190570263C467CBEB6E0D6 /* MinSizeRel */ = {
                     isa = XCBuildConfiguration;
                     buildSettings = {
                            EXECUTABLE_PREFIX = "";
                            EXECUTABLE_SUFFIX = "";
                            GCC_GENERATE_DEBUGGING_SYMBOLS = NO;
                            GCC_INLINES_ARE_PRIVATE_EXTERN = NO;
                            GCC_OPTIMIZATION_LEVEL = s;
                            GCC_PREPROCESSOR_DEFINITIONS = ("'CMAKE_INTDIR=\"$(CONFIGURATION)$(EFFECTIVE_PLATFORM_NAME)\"'", );
                            GCC_SYMBOLS_PRIVATE_EXTERN = NO;
                            INSTALL_PATH = "";
                            LIBRARY_SEARCH_PATHS = "";
                            OTHER_CFLAGS = "    -DNDEBUG  ";
                            OTHER_CPLUSPLUSFLAGS = "    -DNDEBUG  ";
                            OTHER_LDFLAGS = "  -Wl,-search_paths_first -Wl,-headerpad_max_install_names ";
                            OTHER_REZFLAGS = "";
                            PRODUCT_NAME = interface;
                            SECTORDER_FLAGS = "";
                            SYMROOT = /Users/birarda/code/worklist/interface/interface/src;
                            USE_HEADERMAP = NO;
                            WARNING_CFLAGS = ("-Wmost", "-Wno-four-char-constants", "-Wno-unknown-pragmas", );
                     };
                     name = MinSizeRel;
              };
              A3252141971C46489A8A2952 /* RelWithDebInfo */ = {
                     isa = XCBuildConfiguration;
                     buildSettings = {
                            EXECUTABLE_PREFIX = "";
                            EXECUTABLE_SUFFIX = "";
                            GCC_GENERATE_DEBUGGING_SYMBOLS = YES;
                            GCC_INLINES_ARE_PRIVATE_EXTERN = NO;
                            GCC_OPTIMIZATION_LEVEL = 2;
                            GCC_PREPROCESSOR_DEFINITIONS = ("'CMAKE_INTDIR=\"$(CONFIGURATION)$(EFFECTIVE_PLATFORM_NAME)\"'", );
                            GCC_SYMBOLS_PRIVATE_EXTERN = NO;
                            INSTALL_PATH = "";
                            LIBRARY_SEARCH_PATHS = "";
                            OTHER_CFLAGS = "       -DNDEBUG  ";
                            OTHER_CPLUSPLUSFLAGS = "       -DNDEBUG  ";
                            OTHER_LDFLAGS = "  -Wl,-search_paths_first -Wl,-headerpad_max_install_names ";
                            OTHER_REZFLAGS = "";
                            PRODUCT_NAME = interface;
                            SECTORDER_FLAGS = "";
                            SYMROOT = /Users/birarda/code/worklist/interface/interface/src;
                            USE_HEADERMAP = NO;
                            WARNING_CFLAGS = ("-Wmost", "-Wno-four-char-constants", "-Wno-unknown-pragmas", );
                     };
                     name = RelWithDebInfo;
              };
/* End XCBuildConfiguration section */

/* Begin XCConfigurationList section */
              921AA6884B1342C191752832 /* Build configuration list for PBXProject  "interface" */ = {
                     isa = XCConfigurationList;
                     buildConfigurations = (
                            B1E4602A553049FB97E0DE09 /* Debug */,
                            8487A5A67C4041FD8C8E75A8 /* Release */,
                            D3D2146093774A329B8766C0 /* MinSizeRel */,
                            229AC603ADE842278FD0AA78 /* RelWithDebInfo */,
                     );
                     defaultConfigurationIsVisible = 0;
                     defaultConfigurationName = Debug;
              };
              D545B54495D546FD90F6CDCD /* Build configuration list for PBXAggregateTarget "ALL_BUILD" */ = {
                     isa = XCConfigurationList;
                     buildConfigurations = (
                            F9FDEA40CFA14DF996832F89 /* Debug */,
                            7D4DE0802FE740E2AAC1520F /* Release */,
                            D062FA2DB4B243A685FD7F37 /* MinSizeRel */,
                            5F58DDBBAC764550AC6FE2CE /* RelWithDebInfo */,
                     );
                     defaultConfigurationIsVisible = 0;
                     defaultConfigurationName = Debug;
              };
              633129251AA84B53B477E48F /* Build configuration list for PBXAggregateTarget "ZERO_CHECK" */ = {
                     isa = XCConfigurationList;
                     buildConfigurations = (
                            ED3389E0EBE94FE8A7959A67 /* Debug */,
                            24A3709DDE044DC2BF0C6967 /* Release */,
                            0EEF210803654D4EAC963AA2 /* MinSizeRel */,
                            0EF735812F56453F90F9A1B7 /* RelWithDebInfo */,
                     );
                     defaultConfigurationIsVisible = 0;
                     defaultConfigurationName = Debug;
              };
              52022E558DDB4B0E9A0D0ABC /* Build configuration list for PBXNativeTarget "interface" */ = {
                     isa = XCConfigurationList;
                     buildConfigurations = (
                            6EED8935452C45A0BEB49492 /* Debug */,
                            5EAE03C1583C4F5F9C63083B /* Release */,
                            2E190570263C467CBEB6E0D6 /* MinSizeRel */,
                            A3252141971C46489A8A2952 /* RelWithDebInfo */,
                     );
                     defaultConfigurationIsVisible = 0;
                     defaultConfigurationName = Debug;
              };
/* End XCConfigurationList section */
       };
       rootObject = A563974108A04D62A97FF381;
}
