// !$*UTF8*$!
{
	archiveVersion = 1;
	classes = {
	};
	objectVersion = 46;
	objects = {

/* Begin PBXBuildFile section */
		8DD76F650486A84900D96B5E /* main.cpp in Sources */ = {isa = PBXBuildFile; fileRef = 08FB7796FE84155DC02AAC07 /* main.cpp */; settings = {ATTRIBUTES = (); }; };
		B6BDADD415F4085B002A07DF /* audio.cpp in Sources */ = {isa = PBXBuildFile; fileRef = B6BDADD315F4085B002A07DF /* audio.cpp */; };
		B6BDADD615F40B04002A07DF /* libportaudio.a in Frameworks */ = {isa = PBXBuildFile; fileRef = B6BDADD515F40B04002A07DF /* libportaudio.a */; };
		B6BDADE115F44A9D002A07DF /* CoreServices.framework in Frameworks */ = {isa = PBXBuildFile; fileRef = B6BDADDE15F444DB002A07DF /* CoreServices.framework */; };
		B6BDADE215F44AA5002A07DF /* CoreAudio.framework in Frameworks */ = {isa = PBXBuildFile; fileRef = B6BDADD815F444C1002A07DF /* CoreAudio.framework */; };
		B6BDADE315F44AB0002A07DF /* AudioToolbox.framework in Frameworks */ = {isa = PBXBuildFile; fileRef = B6BDADDA15F444C9002A07DF /* AudioToolbox.framework */; };
		B6BDADE415F44AC7002A07DF /* AudioUnit.framework in Frameworks */ = {isa = PBXBuildFile; fileRef = B6BDADDC15F444D3002A07DF /* AudioUnit.framework */; };
		B6BDAE4415F6BE53002A07DF /* particle.cpp in Sources */ = {isa = PBXBuildFile; fileRef = B6BDAE4315F6BE53002A07DF /* particle.cpp */; };
		D40BDFD513404BA300B0BE1F /* GLUT.framework in Frameworks */ = {isa = PBXBuildFile; fileRef = D40BDFD413404BA300B0BE1F /* GLUT.framework */; };
		D40BDFD713404BB300B0BE1F /* OpenGL.framework in Frameworks */ = {isa = PBXBuildFile; fileRef = D40BDFD613404BB300B0BE1F /* OpenGL.framework */; };
		D40FD5FB164AF1C200878184 /* int-texture256-v2.png in CopyFiles */ = {isa = PBXBuildFile; fileRef = D40FD5FA164AF1A700878184 /* int-texture256-v2.png */; };
		D40FD5FD164B0D3A00878184 /* int-texture256-v4.png in CopyFiles */ = {isa = PBXBuildFile; fileRef = D40FD5FC164B0D2800878184 /* int-texture256-v4.png */; };
		D40FD5FF164B146C00878184 /* int-texture256-v5.png in CopyFiles */ = {isa = PBXBuildFile; fileRef = D40FD5FE164B145E00878184 /* int-texture256-v5.png */; };
		D4B96D4915FF967C00CE6E8B /* head.cpp in Sources */ = {isa = PBXBuildFile; fileRef = D4B96D4815FF967C00CE6E8B /* head.cpp */; };
		D4EE3BBC15E45FFE00EE4C89 /* SerialInterface.cpp in Sources */ = {isa = PBXBuildFile; fileRef = D4EE3BBB15E45FFE00EE4C89 /* SerialInterface.cpp */; };
		D4EE3BBE15E7465700EE4C89 /* field.cpp in Sources */ = {isa = PBXBuildFile; fileRef = D4EE3BBD15E7465700EE4C89 /* field.cpp */; };
		D4EE3BC215E761B000EE4C89 /* util.cpp in Sources */ = {isa = PBXBuildFile; fileRef = D4EE3BC115E761B000EE4C89 /* util.cpp */; };
		D4EE3BC615EBD93600EE4C89 /* network.cpp in Sources */ = {isa = PBXBuildFile; fileRef = D4EE3BC515EBD93400EE4C89 /* network.cpp */; };
		D4EFE3D0162A2DA000DC5C59 /* hand.cpp in Sources */ = {isa = PBXBuildFile; fileRef = D4EFE3CF162A2DA000DC5C59 /* hand.cpp */; };
		F68135561648617D003040E3 /* texture.cpp in Sources */ = {isa = PBXBuildFile; fileRef = F68135541648617D003040E3 /* texture.cpp */; };
		F68135691648830D003040E3 /* pngtest8rgba.png in CopyFiles */ = {isa = PBXBuildFile; fileRef = F681356816487A7F003040E3 /* pngtest8rgba.png */; };
		F681356E16488470003040E3 /* philip-image.png in CopyFiles */ = {isa = PBXBuildFile; fileRef = F681356D1648846A003040E3 /* philip-image.png */; };
		F681358B1648896D003040E3 /* lodepng.cpp in Sources */ = {isa = PBXBuildFile; fileRef = F681358A1648896D003040E3 /* lodepng.cpp */; };
		F68135971649CF41003040E3 /* sphere.png in CopyFiles */ = {isa = PBXBuildFile; fileRef = F68135951649CF38003040E3 /* sphere.png */; };
		F68135B21649EF3F003040E3 /* grayson-particle.png in CopyFiles */ = {isa = PBXBuildFile; fileRef = F68135B01649EF37003040E3 /* grayson-particle.png */; };
/* End PBXBuildFile section */

/* Begin PBXCopyFilesBuildPhase section */
		8DD76F690486A84900D96B5E /* CopyFiles */ = {
			isa = PBXCopyFilesBuildPhase;
			buildActionMask = 12;
			dstPath = "";
			dstSubfolderSpec = 16;
			files = (
				D40FD5FF164B146C00878184 /* int-texture256-v5.png in CopyFiles */,
				D40FD5FD164B0D3A00878184 /* int-texture256-v4.png in CopyFiles */,
				D40FD5FB164AF1C200878184 /* int-texture256-v2.png in CopyFiles */,
				F68135B21649EF3F003040E3 /* grayson-particle.png in CopyFiles */,
				F68135971649CF41003040E3 /* sphere.png in CopyFiles */,
				F681356E16488470003040E3 /* philip-image.png in CopyFiles */,
				F68135691648830D003040E3 /* pngtest8rgba.png in CopyFiles */,
			);
			runOnlyForDeploymentPostprocessing = 0;
		};
/* End PBXCopyFilesBuildPhase section */

/* Begin PBXFileReference section */
		08FB7796FE84155DC02AAC07 /* main.cpp */ = {isa = PBXFileReference; fileEncoding = 4; lastKnownFileType = sourcecode.cpp.cpp; path = main.cpp; sourceTree = "<group>"; };
		8DD76F6C0486A84900D96B5E /* interface */ = {isa = PBXFileReference; includeInIndex = 0; lastKnownFileType = "compiled.mach-o.executable"; path = interface; sourceTree = BUILT_PRODUCTS_DIR; };
		B6BDADD115F4084F002A07DF /* audio.h */ = {isa = PBXFileReference; fileEncoding = 4; lastKnownFileType = sourcecode.c.h; path = audio.h; sourceTree = "<group>"; };
		B6BDADD315F4085B002A07DF /* audio.cpp */ = {isa = PBXFileReference; fileEncoding = 4; lastKnownFileType = sourcecode.cpp.cpp; path = audio.cpp; sourceTree = "<group>"; };
		B6BDADD515F40B04002A07DF /* libportaudio.a */ = {isa = PBXFileReference; lastKnownFileType = archive.ar; path = libportaudio.a; sourceTree = "<group>"; };
		B6BDADD815F444C1002A07DF /* CoreAudio.framework */ = {isa = PBXFileReference; lastKnownFileType = wrapper.framework; name = CoreAudio.framework; path = System/Library/Frameworks/CoreAudio.framework; sourceTree = SDKROOT; };
		B6BDADDA15F444C9002A07DF /* AudioToolbox.framework */ = {isa = PBXFileReference; lastKnownFileType = wrapper.framework; name = AudioToolbox.framework; path = System/Library/Frameworks/AudioToolbox.framework; sourceTree = SDKROOT; };
		B6BDADDC15F444D3002A07DF /* AudioUnit.framework */ = {isa = PBXFileReference; lastKnownFileType = wrapper.framework; name = AudioUnit.framework; path = System/Library/Frameworks/AudioUnit.framework; sourceTree = SDKROOT; };
		B6BDADDE15F444DB002A07DF /* CoreServices.framework */ = {isa = PBXFileReference; lastKnownFileType = wrapper.framework; name = CoreServices.framework; path = System/Library/Frameworks/CoreServices.framework; sourceTree = SDKROOT; };
		B6BDAE4115F6BE4D002A07DF /* particle.h */ = {isa = PBXFileReference; fileEncoding = 4; lastKnownFileType = sourcecode.c.h; path = particle.h; sourceTree = "<group>"; };
		B6BDAE4315F6BE53002A07DF /* particle.cpp */ = {isa = PBXFileReference; fileEncoding = 4; lastKnownFileType = sourcecode.cpp.cpp; path = particle.cpp; sourceTree = "<group>"; };
		C6859E8B029090EE04C91782 /* test_c_plus.1 */ = {isa = PBXFileReference; lastKnownFileType = text.man; path = test_c_plus.1; sourceTree = "<group>"; };
		D40BDFD413404BA300B0BE1F /* GLUT.framework */ = {isa = PBXFileReference; lastKnownFileType = wrapper.framework; name = GLUT.framework; path = /System/Library/Frameworks/GLUT.framework; sourceTree = "<absolute>"; };
		D40BDFD613404BB300B0BE1F /* OpenGL.framework */ = {isa = PBXFileReference; lastKnownFileType = wrapper.framework; name = OpenGL.framework; path = /System/Library/Frameworks/OpenGL.framework; sourceTree = "<absolute>"; };
		D40FD5FA164AF1A700878184 /* int-texture256-v2.png */ = {isa = PBXFileReference; lastKnownFileType = image.png; path = "int-texture256-v2.png"; sourceTree = SOURCE_ROOT; };
		D40FD5FC164B0D2800878184 /* int-texture256-v4.png */ = {isa = PBXFileReference; lastKnownFileType = image.png; path = "int-texture256-v4.png"; sourceTree = SOURCE_ROOT; };
		D40FD5FE164B145E00878184 /* int-texture256-v5.png */ = {isa = PBXFileReference; lastKnownFileType = image.png; path = "int-texture256-v5.png"; sourceTree = SOURCE_ROOT; };
		D4B96D4715FF966200CE6E8B /* head.h */ = {isa = PBXFileReference; lastKnownFileType = sourcecode.c.h; path = head.h; sourceTree = "<group>"; };
		D4B96D4815FF967C00CE6E8B /* head.cpp */ = {isa = PBXFileReference; fileEncoding = 4; lastKnownFileType = sourcecode.cpp.cpp; path = head.cpp; sourceTree = "<group>"; };
		D4EE3BBA15E45FFE00EE4C89 /* SerialInterface.h */ = {isa = PBXFileReference; fileEncoding = 4; lastKnownFileType = sourcecode.c.h; path = SerialInterface.h; sourceTree = "<group>"; };
		D4EE3BBB15E45FFE00EE4C89 /* SerialInterface.cpp */ = {isa = PBXFileReference; fileEncoding = 4; lastKnownFileType = sourcecode.cpp.cpp; path = SerialInterface.cpp; sourceTree = "<group>"; };
		D4EE3BBD15E7465700EE4C89 /* field.cpp */ = {isa = PBXFileReference; fileEncoding = 4; lastKnownFileType = sourcecode.cpp.cpp; path = field.cpp; sourceTree = "<group>"; };
		D4EE3BBF15E7467600EE4C89 /* field.h */ = {isa = PBXFileReference; lastKnownFileType = sourcecode.c.h; path = field.h; sourceTree = "<group>"; };
		D4EE3BC015E746E900EE4C89 /* world.h */ = {isa = PBXFileReference; lastKnownFileType = sourcecode.c.h; path = world.h; sourceTree = "<group>"; };
		D4EE3BC115E761B000EE4C89 /* util.cpp */ = {isa = PBXFileReference; fileEncoding = 4; lastKnownFileType = sourcecode.cpp.cpp; path = util.cpp; sourceTree = "<group>"; };
		D4EE3BC315E7625000EE4C89 /* util.h */ = {isa = PBXFileReference; lastKnownFileType = sourcecode.c.h; path = util.h; sourceTree = "<group>"; };
		D4EE3BC415EBD90C00EE4C89 /* network.h */ = {isa = PBXFileReference; lastKnownFileType = sourcecode.c.h; path = network.h; sourceTree = "<group>"; };
		D4EE3BC515EBD93400EE4C89 /* network.cpp */ = {isa = PBXFileReference; fileEncoding = 4; lastKnownFileType = sourcecode.cpp.cpp; path = network.cpp; sourceTree = "<group>"; };
		D4EFE3CE162A2D7300DC5C59 /* hand.h */ = {isa = PBXFileReference; fileEncoding = 4; lastKnownFileType = sourcecode.c.h; path = hand.h; sourceTree = "<group>"; };
		D4EFE3CF162A2DA000DC5C59 /* hand.cpp */ = {isa = PBXFileReference; fileEncoding = 4; lastKnownFileType = sourcecode.cpp.cpp; path = hand.cpp; sourceTree = "<group>"; };
		F68135541648617D003040E3 /* texture.cpp */ = {isa = PBXFileReference; fileEncoding = 4; lastKnownFileType = sourcecode.cpp.cpp; path = texture.cpp; sourceTree = "<group>"; };
		F68135551648617D003040E3 /* texture.h */ = {isa = PBXFileReference; fileEncoding = 4; lastKnownFileType = sourcecode.c.h; path = texture.h; sourceTree = "<group>"; };
		F681356816487A7F003040E3 /* pngtest8rgba.png */ = {isa = PBXFileReference; lastKnownFileType = image.png; path = pngtest8rgba.png; sourceTree = "<group>"; };
		F681356D1648846A003040E3 /* philip-image.png */ = {isa = PBXFileReference; lastKnownFileType = image.png; path = "philip-image.png"; sourceTree = "<group>"; };
		F681358A1648896D003040E3 /* lodepng.cpp */ = {isa = PBXFileReference; fileEncoding = 4; lastKnownFileType = sourcecode.cpp.cpp; path = lodepng.cpp; sourceTree = "<group>"; };
		F681358C16488978003040E3 /* lodepng.h */ = {isa = PBXFileReference; fileEncoding = 4; lastKnownFileType = sourcecode.c.h; path = lodepng.h; sourceTree = "<group>"; };
		F68135951649CF38003040E3 /* sphere.png */ = {isa = PBXFileReference; lastKnownFileType = image.png; path = sphere.png; sourceTree = "<group>"; };
		F68135B01649EF37003040E3 /* grayson-particle.png */ = {isa = PBXFileReference; lastKnownFileType = image.png; path = "grayson-particle.png"; sourceTree = "<group>"; };
/* End PBXFileReference section */

/* Begin PBXFrameworksBuildPhase section */
		8DD76F660486A84900D96B5E /* Frameworks */ = {
			isa = PBXFrameworksBuildPhase;
			buildActionMask = 2147483647;
			files = (
				B6BDADE415F44AC7002A07DF /* AudioUnit.framework in Frameworks */,
				B6BDADE315F44AB0002A07DF /* AudioToolbox.framework in Frameworks */,
				B6BDADE215F44AA5002A07DF /* CoreAudio.framework in Frameworks */,
				B6BDADE115F44A9D002A07DF /* CoreServices.framework in Frameworks */,
				D40BDFD513404BA300B0BE1F /* GLUT.framework in Frameworks */,
				D40BDFD713404BB300B0BE1F /* OpenGL.framework in Frameworks */,
				B6BDADD615F40B04002A07DF /* libportaudio.a in Frameworks */,
			);
			runOnlyForDeploymentPostprocessing = 0;
		};
/* End PBXFrameworksBuildPhase section */

/* Begin PBXGroup section */
		08FB7794FE84155DC02AAC07 /* test_c_plus */ = {
			isa = PBXGroup;
			children = (
				F6813566164879B5003040E3 /* Resources */,
				B6BDADDE15F444DB002A07DF /* CoreServices.framework */,
				B6BDADDC15F444D3002A07DF /* AudioUnit.framework */,
				B6BDADDA15F444C9002A07DF /* AudioToolbox.framework */,
				B6BDADD815F444C1002A07DF /* CoreAudio.framework */,
				D40BDFD613404BB300B0BE1F /* OpenGL.framework */,
				D40BDFD413404BA300B0BE1F /* GLUT.framework */,
				08FB7795FE84155DC02AAC07 /* Source */,
				C6859E8C029090F304C91782 /* Documentation */,
				1AB674ADFE9D54B511CA2CBB /* Products */,
				B6BDADD515F40B04002A07DF /* libportaudio.a */,
			);
			name = test_c_plus;
			sourceTree = "<group>";
		};
		08FB7795FE84155DC02AAC07 /* Source */ = {
			isa = PBXGroup;
			children = (
				08FB7796FE84155DC02AAC07 /* main.cpp */,
				D4EE3BC015E746E900EE4C89 /* world.h */,
				B6BDAE4315F6BE53002A07DF /* particle.cpp */,
				B6BDAE4115F6BE4D002A07DF /* particle.h */,
				D4EE3BBD15E7465700EE4C89 /* field.cpp */,
				D4EE3BBF15E7467600EE4C89 /* field.h */,
				D4B96D4715FF966200CE6E8B /* head.h */,
				D4B96D4815FF967C00CE6E8B /* head.cpp */,
				D4EFE3CE162A2D7300DC5C59 /* hand.h */,
				D4EFE3CF162A2DA000DC5C59 /* hand.cpp */,
				D4EE3BC515EBD93400EE4C89 /* network.cpp */,
				D4EE3BC415EBD90C00EE4C89 /* network.h */,
				D4EE3BBA15E45FFE00EE4C89 /* SerialInterface.h */,
				D4EE3BBB15E45FFE00EE4C89 /* SerialInterface.cpp */,
				D4EE3BC115E761B000EE4C89 /* util.cpp */,
				D4EE3BC315E7625000EE4C89 /* util.h */,
				B6BDADD115F4084F002A07DF /* audio.h */,
				B6BDADD315F4085B002A07DF /* audio.cpp */,
				F68135541648617D003040E3 /* texture.cpp */,
				F68135551648617D003040E3 /* texture.h */,
				F681358A1648896D003040E3 /* lodepng.cpp */,
				F681358C16488978003040E3 /* lodepng.h */,
			);
			name = Source;
			sourceTree = "<group>";
		};
		1AB674ADFE9D54B511CA2CBB /* Products */ = {
			isa = PBXGroup;
			children = (
				8DD76F6C0486A84900D96B5E /* interface */,
			);
			name = Products;
			sourceTree = "<group>";
		};
		C6859E8C029090F304C91782 /* Documentation */ = {
			isa = PBXGroup;
			children = (
				C6859E8B029090EE04C91782 /* test_c_plus.1 */,
			);
			name = Documentation;
			sourceTree = "<group>";
		};
		F6813566164879B5003040E3 /* Resources */ = {
			isa = PBXGroup;
			children = (
				F681356716487A7F003040E3 /* images */,
			);
			name = Resources;
			sourceTree = "<group>";
		};
		F681356716487A7F003040E3 /* images */ = {
			isa = PBXGroup;
			children = (
				D40FD5FE164B145E00878184 /* int-texture256-v5.png */,
				D40FD5FC164B0D2800878184 /* int-texture256-v4.png */,
				D40FD5FA164AF1A700878184 /* int-texture256-v2.png */,
				F68135B01649EF37003040E3 /* grayson-particle.png */,
				F68135951649CF38003040E3 /* sphere.png */,
				F681356D1648846A003040E3 /* philip-image.png */,
				F681356816487A7F003040E3 /* pngtest8rgba.png */,
			);
			path = images;
			sourceTree = "<group>";
		};
/* End PBXGroup section */

/* Begin PBXNativeTarget section */
		8DD76F620486A84900D96B5E /* interface */ = {
			isa = PBXNativeTarget;
			buildConfigurationList = 1DEB923108733DC60010E9CD /* Build configuration list for PBXNativeTarget "interface" */;
			buildPhases = (
				8DD76F640486A84900D96B5E /* Sources */,
				8DD76F660486A84900D96B5E /* Frameworks */,
				8DD76F690486A84900D96B5E /* CopyFiles */,
			);
			buildRules = (
			);
			dependencies = (
			);
			name = interface;
			productInstallPath = "$(HOME)/bin";
			productName = test_c_plus;
			productReference = 8DD76F6C0486A84900D96B5E /* interface */;
			productType = "com.apple.product-type.tool";
		};
/* End PBXNativeTarget section */

/* Begin PBXProject section */
		08FB7793FE84155DC02AAC07 /* Project object */ = {
			isa = PBXProject;
			attributes = {
				LastUpgradeCheck = 0430;
			};
			buildConfigurationList = 1DEB923508733DC60010E9CD /* Build configuration list for PBXProject "interface" */;
			compatibilityVersion = "Xcode 3.2";
			developmentRegion = English;
			hasScannedForEncodings = 1;
			knownRegions = (
				English,
				Japanese,
				French,
				German,
			);
			mainGroup = 08FB7794FE84155DC02AAC07 /* test_c_plus */;
			projectDirPath = "";
			projectRoot = "";
			targets = (
				8DD76F620486A84900D96B5E /* interface */,
			);
		};
/* End PBXProject section */

/* Begin PBXSourcesBuildPhase section */
		8DD76F640486A84900D96B5E /* Sources */ = {
			isa = PBXSourcesBuildPhase;
			buildActionMask = 2147483647;
			files = (
				8DD76F650486A84900D96B5E /* main.cpp in Sources */,
				D4EE3BBC15E45FFE00EE4C89 /* SerialInterface.cpp in Sources */,
				D4EE3BBE15E7465700EE4C89 /* field.cpp in Sources */,
				D4EE3BC215E761B000EE4C89 /* util.cpp in Sources */,
				D4EE3BC615EBD93600EE4C89 /* network.cpp in Sources */,
				B6BDADD415F4085B002A07DF /* audio.cpp in Sources */,
				B6BDAE4415F6BE53002A07DF /* particle.cpp in Sources */,
				D4B96D4915FF967C00CE6E8B /* head.cpp in Sources */,
				D4EFE3D0162A2DA000DC5C59 /* hand.cpp in Sources */,
				F68135561648617D003040E3 /* texture.cpp in Sources */,
				F681358B1648896D003040E3 /* lodepng.cpp in Sources */,
			);
			runOnlyForDeploymentPostprocessing = 0;
		};
/* End PBXSourcesBuildPhase section */

/* Begin XCBuildConfiguration section */
		1DEB923208733DC60010E9CD /* Debug */ = {
			isa = XCBuildConfiguration;
			buildSettings = {
				ALWAYS_SEARCH_USER_PATHS = NO;
				ARCHS = "$(ARCHS_STANDARD_64_BIT)";
				COPY_PHASE_STRIP = NO;
				GCC_DYNAMIC_NO_PIC = NO;
				GCC_MODEL_TUNING = G5;
				GCC_OPTIMIZATION_LEVEL = 0;
				HEADER_SEARCH_PATHS = /usr/local/include;
				INSTALL_PATH = /usr/local/bin;
				LIBRARY_SEARCH_PATHS = (
					"$(inherited)",
					"\"$(SRCROOT)\"",
					/usr/local/lib,
					/usr/local/Cellar/libpng/1.5.13/lib,
				);
				OTHER_CPLUSPLUSFLAGS = (
					"-O3",
					"$(OTHER_CFLAGS)",
				);
				PRODUCT_NAME = interface;
				SDKROOT = macosx10.7;
			};
			name = Debug;
		};
		1DEB923308733DC60010E9CD /* Release */ = {
			isa = XCBuildConfiguration;
			buildSettings = {
				ALWAYS_SEARCH_USER_PATHS = NO;
				ARCHS = "$(ARCHS_STANDARD_64_BIT)";
				DEBUG_INFORMATION_FORMAT = "dwarf-with-dsym";
				GCC_MODEL_TUNING = G5;
				HEADER_SEARCH_PATHS = /usr/local/include;
				INSTALL_PATH = /usr/local/bin;
				LIBRARY_SEARCH_PATHS = (
					"$(inherited)",
					"\"$(SRCROOT)\"",
					/usr/local/lib,
					/usr/local/Cellar/libpng/1.5.13/lib,
				);
				OTHER_CPLUSPLUSFLAGS = (
					"-O3",
					"$(OTHER_CFLAGS)",
				);
				PRODUCT_NAME = interface;
				SDKROOT = macosx10.7;
			};
			name = Release;
		};
		1DEB923608733DC60010E9CD /* Debug */ = {
			isa = XCBuildConfiguration;
			buildSettings = {
				ARCHS = "$(ARCHS_STANDARD_32_64_BIT)";
				GCC_C_LANGUAGE_STANDARD = gnu99;
				GCC_OPTIMIZATION_LEVEL = 0;
				GCC_WARN_ABOUT_RETURN_TYPE = YES;
				GCC_WARN_UNUSED_VARIABLE = YES;
				ONLY_ACTIVE_ARCH = YES;
				SDKROOT = macosx;
			};
			name = Debug;
		};
		1DEB923708733DC60010E9CD /* Release */ = {
			isa = XCBuildConfiguration;
			buildSettings = {
				ARCHS = "$(ARCHS_STANDARD_32_64_BIT)";
				GCC_C_LANGUAGE_STANDARD = gnu99;
				GCC_WARN_ABOUT_RETURN_TYPE = YES;
				GCC_WARN_UNUSED_VARIABLE = YES;
				SDKROOT = macosx;
			};
			name = Release;
		};
/* End XCBuildConfiguration section */

/* Begin XCConfigurationList section */
		1DEB923108733DC60010E9CD /* Build configuration list for PBXNativeTarget "interface" */ = {
			isa = XCConfigurationList;
			buildConfigurations = (
				1DEB923208733DC60010E9CD /* Debug */,
				1DEB923308733DC60010E9CD /* Release */,
			);
			defaultConfigurationIsVisible = 0;
			defaultConfigurationName = Release;
		};
		1DEB923508733DC60010E9CD /* Build configuration list for PBXProject "interface" */ = {
			isa = XCConfigurationList;
			buildConfigurations = (
				1DEB923608733DC60010E9CD /* Debug */,
				1DEB923708733DC60010E9CD /* Release */,
			);
			defaultConfigurationIsVisible = 0;
			defaultConfigurationName = Release;
		};
/* End XCConfigurationList section */
	};
	rootObject = 08FB7793FE84155DC02AAC07 /* Project object */;
}
